{
  "name": "dotenv-run-script",
  "version": "0.4.1",
  "lockfileVersion": 2,
  "requires": true,
  "packages": {
    "": {
      "name": "dotenv-run-script",
      "version": "0.4.1",
      "license": "Apache-2.0",
      "workspaces": [
        ".",
        "examples/*"
      ],
      "dependencies": {
        "dotenv": "^16.3.1",
        "dotenv-expand": "^10.0.0"
      },
      "bin": {
        "dotenv-run-script": "bin/dotenv-run-script"
      },
      "devDependencies": {
        "@types/node": "^20.6.0",
        "typescript": "^5.2.2"
      }
    },
    "examples/advanced": {
      "name": "dotenv-run-script-advanced-example",
      "version": "0.1.0",
      "devDependencies": {
        "dotenv-run-script": "*"
      }
    },
    "examples/simple": {
      "name": "dotenv-run-script-simple-example",
      "version": "0.1.0",
      "devDependencies": {
        "dotenv-run-script": "*"
      }
    },
    "examples/windows": {
      "version": "0.1.0",
      "extraneous": true,
      "devDependencies": {
        "dotenv-run-script": "*"
      }
    },
    "node_modules/@types/node": {
      "version": "20.6.0",
      "resolved": "https://registry.npmjs.org/@types/node/-/node-20.6.0.tgz",
      "integrity": "sha512-najjVq5KN2vsH2U/xyh2opaSEz6cZMR2SetLIlxlj08nOcmPOemJmUK2o4kUzfLqfrWE0PIrNeE16XhYDd3nqg==",
      "dev": true
    },
    "node_modules/dotenv": {
      "version": "16.3.1",
      "resolved": "https://registry.npmjs.org/dotenv/-/dotenv-16.3.1.tgz",
      "integrity": "sha512-IPzF4w4/Rd94bA9imS68tZBaYyBWSCE47V1RGuMrB94iyTOIEwRmVL2x/4An+6mETpLrKJ5hQkB8W4kFAadeIQ==",
      "engines": {
        "node": ">=12"
      },
      "funding": {
        "url": "https://github.com/motdotla/dotenv?sponsor=1"
      }
    },
    "node_modules/dotenv-expand": {
      "version": "10.0.0",
      "resolved": "https://registry.npmjs.org/dotenv-expand/-/dotenv-expand-10.0.0.tgz",
      "integrity": "sha512-GopVGCpVS1UKH75VKHGuQFqS1Gusej0z4FyQkPdwjil2gNIv+LNsqBlboOzpJFZKVT95GkCyWJbBSdFEFUWI2A==",
      "engines": {
        "node": ">=12"
      }
    },
    "node_modules/dotenv-run-script": {
      "resolved": "",
      "link": true
    },
    "node_modules/dotenv-run-script-advanced-example": {
      "resolved": "examples/advanced",
      "link": true
    },
    "node_modules/dotenv-run-script-simple-example": {
      "resolved": "examples/simple",
      "link": true
    },
    "node_modules/typescript": {
      "version": "5.2.2",
      "resolved": "https://registry.npmjs.org/typescript/-/typescript-5.2.2.tgz",
      "integrity": "sha512-mI4WrpHsbCIcwT9cF4FZvr80QUeKvsUsUvKDoR+X/7XHQH98xYD8YHZg7ANtz2GtZt/CBq2QJ0thkGJMHfqc1w==",
      "dev": true,
      "bin": {
        "tsc": "bin/tsc",
        "tsserver": "bin/tsserver"
      },
      "engines": {
        "node": ">=14.17"
      }
    }
  },
  "dependencies": {
    "@types/node": {
      "version": "20.6.0",
      "resolved": "https://registry.npmjs.org/@types/node/-/node-20.6.0.tgz",
      "integrity": "sha512-najjVq5KN2vsH2U/xyh2opaSEz6cZMR2SetLIlxlj08nOcmPOemJmUK2o4kUzfLqfrWE0PIrNeE16XhYDd3nqg==",
      "dev": true
    },
    "dotenv": {
      "version": "16.3.1",
      "resolved": "https://registry.npmjs.org/dotenv/-/dotenv-16.3.1.tgz",
      "integrity": "sha512-IPzF4w4/Rd94bA9imS68tZBaYyBWSCE47V1RGuMrB94iyTOIEwRmVL2x/4An+6mETpLrKJ5hQkB8W4kFAadeIQ=="
    },
    "dotenv-expand": {
      "version": "10.0.0",
      "resolved": "https://registry.npmjs.org/dotenv-expand/-/dotenv-expand-10.0.0.tgz",
      "integrity": "sha512-GopVGCpVS1UKH75VKHGuQFqS1Gusej0z4FyQkPdwjil2gNIv+LNsqBlboOzpJFZKVT95GkCyWJbBSdFEFUWI2A=="
    },
    "dotenv-run-script": {
      "version": "file:",
      "requires": {
        "@types/node": "^20.6.0",
        "dotenv": "^16.3.1",
        "dotenv-expand": "^10.0.0",
        "dotenv-run-script": "file:",
        "dotenv-run-script-advanced-example": "file:examples/advanced",
        "dotenv-run-script-simple-example": "file:examples/simple",
        "typescript": "^5.2.2"
      },
      "dependencies": {
        "@types/node": {
          "version": "20.6.0",
          "resolved": "https://registry.npmjs.org/@types/node/-/node-20.6.0.tgz",
          "integrity": "sha512-najjVq5KN2vsH2U/xyh2opaSEz6cZMR2SetLIlxlj08nOcmPOemJmUK2o4kUzfLqfrWE0PIrNeE16XhYDd3nqg==",
          "dev": true
        },
        "dotenv": {
          "version": "16.3.1",
          "resolved": "https://registry.npmjs.org/dotenv/-/dotenv-16.3.1.tgz",
          "integrity": "sha512-IPzF4w4/Rd94bA9imS68tZBaYyBWSCE47V1RGuMrB94iyTOIEwRmVL2x/4An+6mETpLrKJ5hQkB8W4kFAadeIQ=="
        },
        "dotenv-expand": {
          "version": "10.0.0",
          "resolved": "https://registry.npmjs.org/dotenv-expand/-/dotenv-expand-10.0.0.tgz",
          "integrity": "sha512-GopVGCpVS1UKH75VKHGuQFqS1Gusej0z4FyQkPdwjil2gNIv+LNsqBlboOzpJFZKVT95GkCyWJbBSdFEFUWI2A=="
        },
        "dotenv-run-script-advanced-example": {
          "version": "file:examples/advanced",
          "requires": {
            "dotenv-run-script": "*"
          }
        },
        "dotenv-run-script-simple-example": {
          "version": "file:examples/simple",
          "requires": {
            "dotenv-run-script": "*"
          }
        },
        "typescript": {
          "version": "5.2.2",
          "resolved": "https://registry.npmjs.org/typescript/-/typescript-5.2.2.tgz",
          "integrity": "sha512-mI4WrpHsbCIcwT9cF4FZvr80QUeKvsUsUvKDoR+X/7XHQH98xYD8YHZg7ANtz2GtZt/CBq2QJ0thkGJMHfqc1w==",
          "dev": true
        }
      }
    },
    "dotenv-run-script-advanced-example": {
      "version": "file:examples/advanced",
      "requires": {
        "dotenv-run-script": "*"
      }
    },
    "dotenv-run-script-simple-example": {
      "version": "file:examples/simple",
      "requires": {
        "dotenv-run-script": "*"
      }
    },
    "typescript": {
      "version": "5.2.2",
      "resolved": "https://registry.npmjs.org/typescript/-/typescript-5.2.2.tgz",
      "integrity": "sha512-mI4WrpHsbCIcwT9cF4FZvr80QUeKvsUsUvKDoR+X/7XHQH98xYD8YHZg7ANtz2GtZt/CBq2QJ0thkGJMHfqc1w==",
      "dev": true
    }
  }
}
