{
  "name": "dotenv-run-script",
  "version": "0.4.0",
  "lockfileVersion": 2,
  "requires": true,
  "packages": {
    "": {
      "name": "dotenv-run-script",
      "version": "0.4.0",
      "license": "Apache-2.0",
      "workspaces": [
        "examples/*"
      ],
      "dependencies": {
        "dotenv": "^16.3.1",
        "dotenv-expand": "^10.0.0"
      },
      "bin": {
        "dotenv-run-script": "bin/dotenv-run-script"
      },
      "devDependencies": {
        "@types/node": "^20.6.0",
        "typescript": "^5.2.2"
      }
    },
    "examples/advanced": {
      "name": "dotenv-run-script-advanced-example",
      "version": "0.1.0",
      "devDependencies": {
        "dotenv-run-script": "*"
      }
    },
    "examples/simple": {
      "name": "dotenv-run-script-simple-example",
      "version": "0.1.0",
      "devDependencies": {
        "dotenv-run-script": "*"
      }
    },
    "examples/windows": {
      "version": "0.1.0",
      "extraneous": true,
      "devDependencies": {
        "dotenv-run-script": "*"
      }
    },
    "node_modules/@types/node": {
      "version": "20.6.0",
      "resolved": "https://registry.npmjs.org/@types/node/-/node-20.6.0.tgz",
      "integrity": "sha512-najjVq5KN2vsH2U/xyh2opaSEz6cZMR2SetLIlxlj08nOcmPOemJmUK2o4kUzfLqfrWE0PIrNeE16XhYDd3nqg==",
      "dev": true
    },
    "node_modules/dotenv": {
      "version": "16.3.1",
      "resolved": "https://registry.npmjs.org/dotenv/-/dotenv-16.3.1.tgz",
      "integrity": "sha512-IPzF4w4/Rd94bA9imS68tZBaYyBWSCE47V1RGuMrB94iyTOIEwRmVL2x/4An+6mETpLrKJ5hQkB8W4kFAadeIQ==",
      "engines": {
        "node": ">=12"
      },
      "funding": {
        "url": "https://github.com/motdotla/dotenv?sponsor=1"
      }
    },
    "node_modules/dotenv-expand": {
      "version": "10.0.0",
      "resolved": "https://registry.npmjs.org/dotenv-expand/-/dotenv-expand-10.0.0.tgz",
      "integrity": "sha512-GopVGCpVS1UKH75VKHGuQFqS1Gusej0z4FyQkPdwjil2gNIv+LNsqBlboOzpJFZKVT95GkCyWJbBSdFEFUWI2A==",
      "engines": {
        "node": ">=12"
      }
    },
    "node_modules/dotenv-run-script": {
      "version": "0.2.0",
      "resolved": "https://registry.npmjs.org/dotenv-run-script/-/dotenv-run-script-0.2.0.tgz",
      "integrity": "sha512-7uLtpTeGZAcIa0qF+zd8ZAS9CZrRf3RyggsHXveO/LBY48y2nwVVbmqnC2nU4/s5abSWEg7IvpcjXjMrUmnQJA==",
      "dev": true,
      "dependencies": {
        "dotenv": "^8.2.0",
        "dotenv-expand": "^5.1.0"
      },
      "bin": {
        "dotenv-run-script": "bin/dotenv-run-script"
      }
    },
    "node_modules/dotenv-run-script-advanced-example": {
      "resolved": "examples/advanced",
      "link": true
    },
    "node_modules/dotenv-run-script-simple-example": {
      "resolved": "examples/simple",
      "link": true
    },
    "node_modules/dotenv-run-script/node_modules/dotenv": {
      "version": "8.6.0",
      "resolved": "https://registry.npmjs.org/dotenv/-/dotenv-8.6.0.tgz",
      "integrity": "sha512-IrPdXQsk2BbzvCBGBOTmmSH5SodmqZNt4ERAZDmW4CT+tL8VtvinqywuANaFu4bOMWki16nqf0e4oC0QIaDr/g==",
      "dev": true,
      "engines": {
        "node": ">=10"
      }
    },
    "node_modules/dotenv-run-script/node_modules/dotenv-expand": {
      "version": "5.1.0",
      "resolved": "https://registry.npmjs.org/dotenv-expand/-/dotenv-expand-5.1.0.tgz",
      "integrity": "sha512-YXQl1DSa4/PQyRfgrv6aoNjhasp/p4qs9FjJ4q4cQk+8m4r6k4ZSiEyytKG8f8W9gi8WsQtIObNmKd+tMzNTmA==",
      "dev": true
    },
    "node_modules/typescript": {
      "version": "5.2.2",
      "resolved": "https://registry.npmjs.org/typescript/-/typescript-5.2.2.tgz",
      "integrity": "sha512-mI4WrpHsbCIcwT9cF4FZvr80QUeKvsUsUvKDoR+X/7XHQH98xYD8YHZg7ANtz2GtZt/CBq2QJ0thkGJMHfqc1w==",
      "dev": true,
      "bin": {
        "tsc": "bin/tsc",
        "tsserver": "bin/tsserver"
      },
      "engines": {
        "node": ">=14.17"
      }
    }
  },
  "dependencies": {
    "@types/node": {
      "version": "20.6.0",
      "resolved": "https://registry.npmjs.org/@types/node/-/node-20.6.0.tgz",
      "integrity": "sha512-najjVq5KN2vsH2U/xyh2opaSEz6cZMR2SetLIlxlj08nOcmPOemJmUK2o4kUzfLqfrWE0PIrNeE16XhYDd3nqg==",
      "dev": true
    },
    "dotenv": {
      "version": "16.3.1",
      "resolved": "https://registry.npmjs.org/dotenv/-/dotenv-16.3.1.tgz",
      "integrity": "sha512-IPzF4w4/Rd94bA9imS68tZBaYyBWSCE47V1RGuMrB94iyTOIEwRmVL2x/4An+6mETpLrKJ5hQkB8W4kFAadeIQ=="
    },
    "dotenv-expand": {
      "version": "10.0.0",
      "resolved": "https://registry.npmjs.org/dotenv-expand/-/dotenv-expand-10.0.0.tgz",
      "integrity": "sha512-GopVGCpVS1UKH75VKHGuQFqS1Gusej0z4FyQkPdwjil2gNIv+LNsqBlboOzpJFZKVT95GkCyWJbBSdFEFUWI2A=="
    },
    "dotenv-run-script": {
      "version": "0.2.0",
      "resolved": "https://registry.npmjs.org/dotenv-run-script/-/dotenv-run-script-0.2.0.tgz",
      "integrity": "sha512-7uLtpTeGZAcIa0qF+zd8ZAS9CZrRf3RyggsHXveO/LBY48y2nwVVbmqnC2nU4/s5abSWEg7IvpcjXjMrUmnQJA==",
      "dev": true,
      "requires": {
        "dotenv": "^8.2.0",
        "dotenv-expand": "^5.1.0"
      },
      "dependencies": {
        "dotenv": {
          "version": "8.6.0",
          "resolved": "https://registry.npmjs.org/dotenv/-/dotenv-8.6.0.tgz",
          "integrity": "sha512-IrPdXQsk2BbzvCBGBOTmmSH5SodmqZNt4ERAZDmW4CT+tL8VtvinqywuANaFu4bOMWki16nqf0e4oC0QIaDr/g==",
          "dev": true
        },
        "dotenv-expand": {
          "version": "5.1.0",
          "resolved": "https://registry.npmjs.org/dotenv-expand/-/dotenv-expand-5.1.0.tgz",
          "integrity": "sha512-YXQl1DSa4/PQyRfgrv6aoNjhasp/p4qs9FjJ4q4cQk+8m4r6k4ZSiEyytKG8f8W9gi8WsQtIObNmKd+tMzNTmA==",
          "dev": true
        }
      }
    },
    "dotenv-run-script-advanced-example": {
      "version": "file:examples/advanced",
      "requires": {
        "dotenv-run-script": "*"
      }
    },
    "dotenv-run-script-simple-example": {
      "version": "file:examples/simple",
      "requires": {
        "dotenv-run-script": "*"
      }
    },
    "typescript": {
      "version": "5.2.2",
      "resolved": "https://registry.npmjs.org/typescript/-/typescript-5.2.2.tgz",
      "integrity": "sha512-mI4WrpHsbCIcwT9cF4FZvr80QUeKvsUsUvKDoR+X/7XHQH98xYD8YHZg7ANtz2GtZt/CBq2QJ0thkGJMHfqc1w==",
      "dev": true
    }
  }
}
